// !$*UTF8*$!
{
	archiveVersion = 1;
	classes = {
	};
	objectVersion = 46;
	objects = {

/* Begin PBXBuildFile section */
		3F4A3CDE1EE44AB20002A575 /* RootViewController.swift in Sources */ = {isa = PBXBuildFile; fileRef = 3F4A3CDD1EE44AB20002A575 /* RootViewController.swift */; };
		3F4C159E1EE26ECC00C7CEA1 /* AppDelegate.swift in Sources */ = {isa = PBXBuildFile; fileRef = 3F4C159D1EE26ECC00C7CEA1 /* AppDelegate.swift */; };
		3F4C15A31EE26ECC00C7CEA1 /* Main.storyboard in Resources */ = {isa = PBXBuildFile; fileRef = 3F4C15A11EE26ECC00C7CEA1 /* Main.storyboard */; };
		3F4C15A61EE26ECC00C7CEA1 /* VSM.xcdatamodeld in Sources */ = {isa = PBXBuildFile; fileRef = 3F4C15A41EE26ECC00C7CEA1 /* VSM.xcdatamodeld */; };
		3F4C15A81EE26ECC00C7CEA1 /* Assets.xcassets in Resources */ = {isa = PBXBuildFile; fileRef = 3F4C15A71EE26ECC00C7CEA1 /* Assets.xcassets */; };
		3F4C15AB1EE26ECC00C7CEA1 /* LaunchScreen.storyboard in Resources */ = {isa = PBXBuildFile; fileRef = 3F4C15A91EE26ECC00C7CEA1 /* LaunchScreen.storyboard */; };
		3F4C15DB1EE2A27A00C7CEA1 /* schema.json in Resources */ = {isa = PBXBuildFile; fileRef = 3F4C15DA1EE2A27A00C7CEA1 /* schema.json */; };
		3F4C15DD1EE2A2F600C7CEA1 /* TestQuery.graphql in Resources */ = {isa = PBXBuildFile; fileRef = 3F4C15DC1EE2A2F600C7CEA1 /* TestQuery.graphql */; };
		3F4C15DF1EE2A45500C7CEA1 /* API.swift in Sources */ = {isa = PBXBuildFile; fileRef = 3F4C15DE1EE2A45500C7CEA1 /* API.swift */; };
		3FA51D231EE2E45F00BB44FD /* InitEP.graphql in Resources */ = {isa = PBXBuildFile; fileRef = 3FA51D221EE2E45F00BB44FD /* InitEP.graphql */; };
		81AC764381D217A4E6A6C8A0 /* Pods_VSM.framework in Frameworks */ = {isa = PBXBuildFile; fileRef = 29BDA9B2C808A0244C41ED3C /* Pods_VSM.framework */; };
/* End PBXBuildFile section */

/* Begin PBXCopyFilesBuildPhase section */
		3F4C15D61EE29EB100C7CEA1 /* Embed Frameworks */ = {
			isa = PBXCopyFilesBuildPhase;
			buildActionMask = 2147483647;
			dstPath = "";
			dstSubfolderSpec = 10;
			files = (
			);
			name = "Embed Frameworks";
			runOnlyForDeploymentPostprocessing = 0;
		};
/* End PBXCopyFilesBuildPhase section */

/* Begin PBXFileReference section */
		13D6F90DA3C26BAF56B46595 /* Pods-VSM.release.xcconfig */ = {isa = PBXFileReference; includeInIndex = 1; lastKnownFileType = text.xcconfig; name = "Pods-VSM.release.xcconfig"; path = "Pods/Target Support Files/Pods-VSM/Pods-VSM.release.xcconfig"; sourceTree = "<group>"; };
		29BDA9B2C808A0244C41ED3C /* Pods_VSM.framework */ = {isa = PBXFileReference; explicitFileType = wrapper.framework; includeInIndex = 0; path = Pods_VSM.framework; sourceTree = BUILT_PRODUCTS_DIR; };
		3F4A3CDD1EE44AB20002A575 /* RootViewController.swift */ = {isa = PBXFileReference; fileEncoding = 4; lastKnownFileType = sourcecode.swift; path = RootViewController.swift; sourceTree = "<group>"; };
		3F4C159A1EE26ECC00C7CEA1 /* VSM.app */ = {isa = PBXFileReference; explicitFileType = wrapper.application; includeInIndex = 0; path = VSM.app; sourceTree = BUILT_PRODUCTS_DIR; };
		3F4C159D1EE26ECC00C7CEA1 /* AppDelegate.swift */ = {isa = PBXFileReference; lastKnownFileType = sourcecode.swift; path = AppDelegate.swift; sourceTree = "<group>"; };
		3F4C15A21EE26ECC00C7CEA1 /* Base */ = {isa = PBXFileReference; lastKnownFileType = file.storyboard; name = Base; path = Base.lproj/Main.storyboard; sourceTree = "<group>"; };
		3F4C15A51EE26ECC00C7CEA1 /* VSM.xcdatamodel */ = {isa = PBXFileReference; lastKnownFileType = wrapper.xcdatamodel; path = VSM.xcdatamodel; sourceTree = "<group>"; };
		3F4C15A71EE26ECC00C7CEA1 /* Assets.xcassets */ = {isa = PBXFileReference; lastKnownFileType = folder.assetcatalog; path = Assets.xcassets; sourceTree = "<group>"; };
		3F4C15AA1EE26ECC00C7CEA1 /* Base */ = {isa = PBXFileReference; lastKnownFileType = file.storyboard; name = Base; path = Base.lproj/LaunchScreen.storyboard; sourceTree = "<group>"; };
		3F4C15AC1EE26ECC00C7CEA1 /* Info.plist */ = {isa = PBXFileReference; lastKnownFileType = text.plist.xml; path = Info.plist; sourceTree = "<group>"; };
		3F4C15DA1EE2A27A00C7CEA1 /* schema.json */ = {isa = PBXFileReference; fileEncoding = 4; lastKnownFileType = text.json; path = schema.json; sourceTree = "<group>"; };
		3F4C15DC1EE2A2F600C7CEA1 /* TestQuery.graphql */ = {isa = PBXFileReference; fileEncoding = 4; lastKnownFileType = text; path = TestQuery.graphql; sourceTree = "<group>"; };
		3F4C15DE1EE2A45500C7CEA1 /* API.swift */ = {isa = PBXFileReference; fileEncoding = 4; lastKnownFileType = sourcecode.swift; name = API.swift; path = graphql/API.swift; sourceTree = "<group>"; };
		3FA51D221EE2E45F00BB44FD /* InitEP.graphql */ = {isa = PBXFileReference; fileEncoding = 4; lastKnownFileType = text; path = InitEP.graphql; sourceTree = "<group>"; };
		60CB66900CC62BEE4C02B31B /* Pods-VSM.debug.xcconfig */ = {isa = PBXFileReference; includeInIndex = 1; lastKnownFileType = text.xcconfig; name = "Pods-VSM.debug.xcconfig"; path = "Pods/Target Support Files/Pods-VSM/Pods-VSM.debug.xcconfig"; sourceTree = "<group>"; };
/* End PBXFileReference section */

/* Begin PBXFrameworksBuildPhase section */
		3F4C15971EE26ECC00C7CEA1 /* Frameworks */ = {
			isa = PBXFrameworksBuildPhase;
			buildActionMask = 2147483647;
			files = (
				81AC764381D217A4E6A6C8A0 /* Pods_VSM.framework in Frameworks */,
			);
			runOnlyForDeploymentPostprocessing = 0;
		};
/* End PBXFrameworksBuildPhase section */

/* Begin PBXGroup section */
		2FC8353064B798B9E7D186FC /* Frameworks */ = {
			isa = PBXGroup;
			children = (
				29BDA9B2C808A0244C41ED3C /* Pods_VSM.framework */,
			);
			name = Frameworks;
			sourceTree = "<group>";
		};
		3F4C15911EE26ECC00C7CEA1 = {
			isa = PBXGroup;
			children = (
				3F4C159C1EE26ECC00C7CEA1 /* VSM */,
				3F4C159B1EE26ECC00C7CEA1 /* Products */,
				9DB49BC4D5948C7174087804 /* Pods */,
				2FC8353064B798B9E7D186FC /* Frameworks */,
			);
			sourceTree = "<group>";
		};
		3F4C159B1EE26ECC00C7CEA1 /* Products */ = {
			isa = PBXGroup;
			children = (
				3F4C159A1EE26ECC00C7CEA1 /* VSM.app */,
			);
			name = Products;
			sourceTree = "<group>";
		};
		3F4C159C1EE26ECC00C7CEA1 /* VSM */ = {
			isa = PBXGroup;
			children = (
				3F4C15DE1EE2A45500C7CEA1 /* API.swift */,
				3F4C159D1EE26ECC00C7CEA1 /* AppDelegate.swift */,
				3F4A3CDD1EE44AB20002A575 /* RootViewController.swift */,
				3F4C15D91EE2A27A00C7CEA1 /* graphql */,
				3F4C15A71EE26ECC00C7CEA1 /* Assets.xcassets */,
				3F4C15A11EE26ECC00C7CEA1 /* Main.storyboard */,
				3F4C15A91EE26ECC00C7CEA1 /* LaunchScreen.storyboard */,
				3F4C15AC1EE26ECC00C7CEA1 /* Info.plist */,
				3F4C15A41EE26ECC00C7CEA1 /* VSM.xcdatamodeld */,
			);
			path = VSM;
			sourceTree = "<group>";
		};
		3F4C15D91EE2A27A00C7CEA1 /* graphql */ = {
			isa = PBXGroup;
			children = (
				3F4C15DA1EE2A27A00C7CEA1 /* schema.json */,
				3F4C15DC1EE2A2F600C7CEA1 /* TestQuery.graphql */,
				3FA51D221EE2E45F00BB44FD /* InitEP.graphql */,
			);
			path = graphql;
			sourceTree = "<group>";
		};
		9DB49BC4D5948C7174087804 /* Pods */ = {
			isa = PBXGroup;
			children = (
				60CB66900CC62BEE4C02B31B /* Pods-VSM.debug.xcconfig */,
				13D6F90DA3C26BAF56B46595 /* Pods-VSM.release.xcconfig */,
			);
			name = Pods;
			sourceTree = "<group>";
		};
/* End PBXGroup section */

/* Begin PBXNativeTarget section */
		3F4C15991EE26ECC00C7CEA1 /* VSM */ = {
			isa = PBXNativeTarget;
			buildConfigurationList = 3F4C15AF1EE26ECC00C7CEA1 /* Build configuration list for PBXNativeTarget "VSM" */;
			buildPhases = (
				5D518D020CAAE657A308F9C3 /* [CP] Check Pods Manifest.lock */,
				3F4C15961EE26ECC00C7CEA1 /* Sources */,
				3F4C15971EE26ECC00C7CEA1 /* Frameworks */,
				3F4C15981EE26ECC00C7CEA1 /* Resources */,
				57ECF2A124303F5C41F69EBD /* [CP] Embed Pods Frameworks */,
				AE81055B51EF081295E9CC96 /* [CP] Copy Pods Resources */,
				3F4C15D61EE29EB100C7CEA1 /* Embed Frameworks */,
				3F4C15D81EE2A13E00C7CEA1 /* Generate API.swift */,
			);
			buildRules = (
			);
			dependencies = (
			);
			name = VSM;
			productName = VSM;
			productReference = 3F4C159A1EE26ECC00C7CEA1 /* VSM.app */;
			productType = "com.apple.product-type.application";
		};
/* End PBXNativeTarget section */

/* Begin PBXProject section */
		3F4C15921EE26ECC00C7CEA1 /* Project object */ = {
			isa = PBXProject;
			attributes = {
				LastSwiftUpdateCheck = 0830;
				LastUpgradeCheck = 0830;
				ORGANIZATIONNAME = jing;
				TargetAttributes = {
					3F4C15991EE26ECC00C7CEA1 = {
						CreatedOnToolsVersion = 8.3.2;
						DevelopmentTeam = 8982T47U8J;
						ProvisioningStyle = Automatic;
					};
				};
			};
			buildConfigurationList = 3F4C15951EE26ECC00C7CEA1 /* Build configuration list for PBXProject "VSM" */;
			compatibilityVersion = "Xcode 3.2";
			developmentRegion = English;
			hasScannedForEncodings = 0;
			knownRegions = (
				en,
				Base,
			);
			mainGroup = 3F4C15911EE26ECC00C7CEA1;
			productRefGroup = 3F4C159B1EE26ECC00C7CEA1 /* Products */;
			projectDirPath = "";
			projectRoot = "";
			targets = (
				3F4C15991EE26ECC00C7CEA1 /* VSM */,
			);
		};
/* End PBXProject section */

/* Begin PBXResourcesBuildPhase section */
		3F4C15981EE26ECC00C7CEA1 /* Resources */ = {
			isa = PBXResourcesBuildPhase;
			buildActionMask = 2147483647;
			files = (
				3F4C15DD1EE2A2F600C7CEA1 /* TestQuery.graphql in Resources */,
				3FA51D231EE2E45F00BB44FD /* InitEP.graphql in Resources */,
				3F4C15DB1EE2A27A00C7CEA1 /* schema.json in Resources */,
				3F4C15AB1EE26ECC00C7CEA1 /* LaunchScreen.storyboard in Resources */,
				3F4C15A81EE26ECC00C7CEA1 /* Assets.xcassets in Resources */,
				3F4C15A31EE26ECC00C7CEA1 /* Main.storyboard in Resources */,
			);
			runOnlyForDeploymentPostprocessing = 0;
		};
/* End PBXResourcesBuildPhase section */

/* Begin PBXShellScriptBuildPhase section */
		3F4C15D81EE2A13E00C7CEA1 /* Generate API.swift */ = {
			isa = PBXShellScriptBuildPhase;
			buildActionMask = 2147483647;
			files = (
			);
			inputPaths = (
			);
			name = "Generate API.swift";
			outputPaths = (
			);
			runOnlyForDeploymentPostprocessing = 0;
			shellPath = /bin/sh;
			shellScript = "cd ${SRCROOT}/${TARGET_NAME}/graphql\napollo-codegen generate $(find . -name '*.graphql' -maxdepth 1) --schema schema.json --output API.swift";
		};
		57ECF2A124303F5C41F69EBD /* [CP] Embed Pods Frameworks */ = {
			isa = PBXShellScriptBuildPhase;
			buildActionMask = 2147483647;
			files = (
			);
			inputPaths = (
			);
			name = "[CP] Embed Pods Frameworks";
			outputPaths = (
			);
			runOnlyForDeploymentPostprocessing = 0;
			shellPath = /bin/sh;
			shellScript = "\"${SRCROOT}/Pods/Target Support Files/Pods-VSM/Pods-VSM-frameworks.sh\"\n";
			showEnvVarsInLog = 0;
		};
		5D518D020CAAE657A308F9C3 /* [CP] Check Pods Manifest.lock */ = {
			isa = PBXShellScriptBuildPhase;
			buildActionMask = 2147483647;
			files = (
			);
			inputPaths = (
			);
			name = "[CP] Check Pods Manifest.lock";
			outputPaths = (
			);
			runOnlyForDeploymentPostprocessing = 0;
			shellPath = /bin/sh;
			shellScript = "diff \"${PODS_PODFILE_DIR_PATH}/Podfile.lock\" \"${PODS_ROOT}/Manifest.lock\" > /dev/null\nif [ $? != 0 ] ; then\n    # print error to STDERR\n    echo \"error: The sandbox is not in sync with the Podfile.lock. Run 'pod install' or update your CocoaPods installation.\" >&2\n    exit 1\nfi\n";
			showEnvVarsInLog = 0;
		};
		AE81055B51EF081295E9CC96 /* [CP] Copy Pods Resources */ = {
			isa = PBXShellScriptBuildPhase;
			buildActionMask = 2147483647;
			files = (
			);
			inputPaths = (
			);
			name = "[CP] Copy Pods Resources";
			outputPaths = (
			);
			runOnlyForDeploymentPostprocessing = 0;
			shellPath = /bin/sh;
			shellScript = "\"${SRCROOT}/Pods/Target Support Files/Pods-VSM/Pods-VSM-resources.sh\"\n";
			showEnvVarsInLog = 0;
		};
/* End PBXShellScriptBuildPhase section */

/* Begin PBXSourcesBuildPhase section */
		3F4C15961EE26ECC00C7CEA1 /* Sources */ = {
			isa = PBXSourcesBuildPhase;
			buildActionMask = 2147483647;
			files = (
				3F4A3CDE1EE44AB20002A575 /* RootViewController.swift in Sources */,
				3F4C159E1EE26ECC00C7CEA1 /* AppDelegate.swift in Sources */,
				3F4C15DF1EE2A45500C7CEA1 /* API.swift in Sources */,
				3F4C15A61EE26ECC00C7CEA1 /* VSM.xcdatamodeld in Sources */,
			);
			runOnlyForDeploymentPostprocessing = 0;
		};
/* End PBXSourcesBuildPhase section */

/* Begin PBXVariantGroup section */
		3F4C15A11EE26ECC00C7CEA1 /* Main.storyboard */ = {
			isa = PBXVariantGroup;
			children = (
				3F4C15A21EE26ECC00C7CEA1 /* Base */,
			);
			name = Main.storyboard;
			sourceTree = "<group>";
		};
		3F4C15A91EE26ECC00C7CEA1 /* LaunchScreen.storyboard */ = {
			isa = PBXVariantGroup;
			children = (
				3F4C15AA1EE26ECC00C7CEA1 /* Base */,
			);
			name = LaunchScreen.storyboard;
			sourceTree = "<group>";
		};
/* End PBXVariantGroup section */

/* Begin XCBuildConfiguration section */
		3F4C15AD1EE26ECC00C7CEA1 /* Debug */ = {
			isa = XCBuildConfiguration;
			buildSettings = {
				ALWAYS_SEARCH_USER_PATHS = NO;
				CLANG_ANALYZER_NONNULL = YES;
				CLANG_ANALYZER_NUMBER_OBJECT_CONVERSION = YES_AGGRESSIVE;
				CLANG_CXX_LANGUAGE_STANDARD = "gnu++0x";
				CLANG_CXX_LIBRARY = "libc++";
				CLANG_ENABLE_MODULES = YES;
				CLANG_ENABLE_OBJC_ARC = YES;
				CLANG_WARN_BOOL_CONVERSION = YES;
				CLANG_WARN_CONSTANT_CONVERSION = YES;
				CLANG_WARN_DIRECT_OBJC_ISA_USAGE = YES_ERROR;
				CLANG_WARN_DOCUMENTATION_COMMENTS = YES;
				CLANG_WARN_EMPTY_BODY = YES;
				CLANG_WARN_ENUM_CONVERSION = YES;
				CLANG_WARN_INFINITE_RECURSION = YES;
				CLANG_WARN_INT_CONVERSION = YES;
				CLANG_WARN_OBJC_ROOT_CLASS = YES_ERROR;
				CLANG_WARN_SUSPICIOUS_MOVE = YES;
				CLANG_WARN_UNREACHABLE_CODE = YES;
				CLANG_WARN__DUPLICATE_METHOD_MATCH = YES;
				"CODE_SIGN_IDENTITY[sdk=iphoneos*]" = "iPhone Developer";
				COPY_PHASE_STRIP = NO;
				DEBUG_INFORMATION_FORMAT = dwarf;
				ENABLE_STRICT_OBJC_MSGSEND = YES;
				ENABLE_TESTABILITY = YES;
				GCC_C_LANGUAGE_STANDARD = gnu99;
				GCC_DYNAMIC_NO_PIC = NO;
				GCC_NO_COMMON_BLOCKS = YES;
				GCC_OPTIMIZATION_LEVEL = 0;
				GCC_PREPROCESSOR_DEFINITIONS = (
					"DEBUG=1",
					"$(inherited)",
				);
				GCC_WARN_64_TO_32_BIT_CONVERSION = YES;
				GCC_WARN_ABOUT_RETURN_TYPE = YES_ERROR;
				GCC_WARN_UNDECLARED_SELECTOR = YES;
				GCC_WARN_UNINITIALIZED_AUTOS = YES_AGGRESSIVE;
				GCC_WARN_UNUSED_FUNCTION = YES;
				GCC_WARN_UNUSED_VARIABLE = YES;
				IPHONEOS_DEPLOYMENT_TARGET = 10.3;
				MTL_ENABLE_DEBUG_INFO = YES;
				ONLY_ACTIVE_ARCH = YES;
				SDKROOT = iphoneos;
				SWIFT_ACTIVE_COMPILATION_CONDITIONS = DEBUG;
				SWIFT_OPTIMIZATION_LEVEL = "-Onone";
			};
			name = Debug;
		};
		3F4C15AE1EE26ECC00C7CEA1 /* Release */ = {
			isa = XCBuildConfiguration;
			buildSettings = {
				ALWAYS_SEARCH_USER_PATHS = NO;
				CLANG_ANALYZER_NONNULL = YES;
				CLANG_ANALYZER_NUMBER_OBJECT_CONVERSION = YES_AGGRESSIVE;
				CLANG_CXX_LANGUAGE_STANDARD = "gnu++0x";
				CLANG_CXX_LIBRARY = "libc++";
				CLANG_ENABLE_MODULES = YES;
				CLANG_ENABLE_OBJC_ARC = YES;
				CLANG_WARN_BOOL_CONVERSION = YES;
				CLANG_WARN_CONSTANT_CONVERSION = YES;
				CLANG_WARN_DIRECT_OBJC_ISA_USAGE = YES_ERROR;
				CLANG_WARN_DOCUMENTATION_COMMENTS = YES;
				CLANG_WARN_EMPTY_BODY = YES;
				CLANG_WARN_ENUM_CONVERSION = YES;
				CLANG_WARN_INFINITE_RECURSION = YES;
				CLANG_WARN_INT_CONVERSION = YES;
				CLANG_WARN_OBJC_ROOT_CLASS = YES_ERROR;
				CLANG_WARN_SUSPICIOUS_MOVE = YES;
				CLANG_WARN_UNREACHABLE_CODE = YES;
				CLANG_WARN__DUPLICATE_METHOD_MATCH = YES;
				"CODE_SIGN_IDENTITY[sdk=iphoneos*]" = "iPhone Developer";
				COPY_PHASE_STRIP = NO;
				DEBUG_INFORMATION_FORMAT = "dwarf-with-dsym";
				ENABLE_NS_ASSERTIONS = NO;
				ENABLE_STRICT_OBJC_MSGSEND = YES;
				GCC_C_LANGUAGE_STANDARD = gnu99;
				GCC_NO_COMMON_BLOCKS = YES;
				GCC_WARN_64_TO_32_BIT_CONVERSION = YES;
				GCC_WARN_ABOUT_RETURN_TYPE = YES_ERROR;
				GCC_WARN_UNDECLARED_SELECTOR = YES;
				GCC_WARN_UNINITIALIZED_AUTOS = YES_AGGRESSIVE;
				GCC_WARN_UNUSED_FUNCTION = YES;
				GCC_WARN_UNUSED_VARIABLE = YES;
				IPHONEOS_DEPLOYMENT_TARGET = 10.3;
				MTL_ENABLE_DEBUG_INFO = NO;
				SDKROOT = iphoneos;
				SWIFT_OPTIMIZATION_LEVEL = "-Owholemodule";
				VALIDATE_PRODUCT = YES;
			};
			name = Release;
		};
		3F4C15B01EE26ECC00C7CEA1 /* Debug */ = {
			isa = XCBuildConfiguration;
			baseConfigurationReference = 60CB66900CC62BEE4C02B31B /* Pods-VSM.debug.xcconfig */;
			buildSettings = {
				ASSETCATALOG_COMPILER_APPICON_NAME = AppIcon;
				DEVELOPMENT_TEAM = 8982T47U8J;
				INFOPLIST_FILE = VSM/Info.plist;
				IPHONEOS_DEPLOYMENT_TARGET = 9.0;
				LD_RUNPATH_SEARCH_PATHS = "$(inherited) @executable_path/Frameworks";
				PRODUCT_BUNDLE_IDENTIFIER = iHealth.VSM;
				PRODUCT_NAME = "$(TARGET_NAME)";
				SWIFT_VERSION = 3.0;
			};
			name = Debug;
		};
		3F4C15B11EE26ECC00C7CEA1 /* Release */ = {
			isa = XCBuildConfiguration;
			baseConfigurationReference = 13D6F90DA3C26BAF56B46595 /* Pods-VSM.release.xcconfig */;
			buildSettings = {
				ASSETCATALOG_COMPILER_APPICON_NAME = AppIcon;
				DEVELOPMENT_TEAM = 8982T47U8J;
				INFOPLIST_FILE = VSM/Info.plist;
				IPHONEOS_DEPLOYMENT_TARGET = 9.0;
				LD_RUNPATH_SEARCH_PATHS = "$(inherited) @executable_path/Frameworks";
				PRODUCT_BUNDLE_IDENTIFIER = iHealth.VSM;
				PRODUCT_NAME = "$(TARGET_NAME)";
				SWIFT_VERSION = 3.0;
			};
			name = Release;
		};
/* End XCBuildConfiguration section */

/* Begin XCConfigurationList section */
		3F4C15951EE26ECC00C7CEA1 /* Build configuration list for PBXProject "VSM" */ = {
			isa = XCConfigurationList;
			buildConfigurations = (
				3F4C15AD1EE26ECC00C7CEA1 /* Debug */,
				3F4C15AE1EE26ECC00C7CEA1 /* Release */,
			);
			defaultConfigurationIsVisible = 0;
			defaultConfigurationName = Release;
		};
		3F4C15AF1EE26ECC00C7CEA1 /* Build configuration list for PBXNativeTarget "VSM" */ = {
			isa = XCConfigurationList;
			buildConfigurations = (
				3F4C15B01EE26ECC00C7CEA1 /* Debug */,
				3F4C15B11EE26ECC00C7CEA1 /* Release */,
			);
			defaultConfigurationIsVisible = 0;
			defaultConfigurationName = Release;
		};
/* End XCConfigurationList section */

/* Begin XCVersionGroup section */
		3F4C15A41EE26ECC00C7CEA1 /* VSM.xcdatamodeld */ = {
			isa = XCVersionGroup;
			children = (
				3F4C15A51EE26ECC00C7CEA1 /* VSM.xcdatamodel */,
			);
			currentVersion = 3F4C15A51EE26ECC00C7CEA1 /* VSM.xcdatamodel */;
			path = VSM.xcdatamodeld;
			sourceTree = "<group>";
			versionGroupType = wrapper.xcdatamodel;
		};
/* End XCVersionGroup section */
	};
	rootObject = 3F4C15921EE26ECC00C7CEA1 /* Project object */;
}
